// !$*UTF8*$!
{
	archiveVersion = 1;
	classes = {
	};
	objectVersion = 48;
	objects = {

/* Begin PBXBuildFile section */
		1D8F927D1F2F66B2007CEBA4 /* AppDelegate.swift in Sources */ = {isa = PBXBuildFile; fileRef = 1D8F927C1F2F66B2007CEBA4 /* AppDelegate.swift */; };
		1D8F927F1F2F66B2007CEBA4 /* Scene.sks in Resources */ = {isa = PBXBuildFile; fileRef = 1D8F927E1F2F66B2007CEBA4 /* Scene.sks */; };
		1D8F92811F2F66B2007CEBA4 /* Scene.swift in Sources */ = {isa = PBXBuildFile; fileRef = 1D8F92801F2F66B2007CEBA4 /* Scene.swift */; };
		1D8F92831F2F66B2007CEBA4 /* ViewController.swift in Sources */ = {isa = PBXBuildFile; fileRef = 1D8F92821F2F66B2007CEBA4 /* ViewController.swift */; };
		1D8F92861F2F66B2007CEBA4 /* Main.storyboard in Resources */ = {isa = PBXBuildFile; fileRef = 1D8F92841F2F66B2007CEBA4 /* Main.storyboard */; };
		1D8F92881F2F66B2007CEBA4 /* Assets.xcassets in Resources */ = {isa = PBXBuildFile; fileRef = 1D8F92871F2F66B2007CEBA4 /* Assets.xcassets */; };
		1D8F928B1F2F66B2007CEBA4 /* LaunchScreen.storyboard in Resources */ = {isa = PBXBuildFile; fileRef = 1D8F92891F2F66B2007CEBA4 /* LaunchScreen.storyboard */; };
/* End PBXBuildFile section */

/* Begin PBXFileReference section */
		1D8F92791F2F66B2007CEBA4 /* AR2DDemo.app */ = {isa = PBXFileReference; explicitFileType = wrapper.application; includeInIndex = 0; path = AR2DDemo.app; sourceTree = BUILT_PRODUCTS_DIR; };
		1D8F927C1F2F66B2007CEBA4 /* AppDelegate.swift */ = {isa = PBXFileReference; lastKnownFileType = sourcecode.swift; path = AppDelegate.swift; sourceTree = "<group>"; };
		1D8F927E1F2F66B2007CEBA4 /* Scene.sks */ = {isa = PBXFileReference; lastKnownFileType = file.sks; path = Scene.sks; sourceTree = "<group>"; };
		1D8F92801F2F66B2007CEBA4 /* Scene.swift */ = {isa = PBXFileReference; lastKnownFileType = sourcecode.swift; path = Scene.swift; sourceTree = "<group>"; };
		1D8F92821F2F66B2007CEBA4 /* ViewController.swift */ = {isa = PBXFileReference; lastKnownFileType = sourcecode.swift; path = ViewController.swift; sourceTree = "<group>"; };
		1D8F92851F2F66B2007CEBA4 /* Base */ = {isa = PBXFileReference; lastKnownFileType = file.storyboard; name = Base; path = Base.lproj/Main.storyboard; sourceTree = "<group>"; };
		1D8F92871F2F66B2007CEBA4 /* Assets.xcassets */ = {isa = PBXFileReference; lastKnownFileType = folder.assetcatalog; path = Assets.xcassets; sourceTree = "<group>"; };
		1D8F928A1F2F66B2007CEBA4 /* Base */ = {isa = PBXFileReference; lastKnownFileType = file.storyboard; name = Base; path = Base.lproj/LaunchScreen.storyboard; sourceTree = "<group>"; };
		1D8F928C1F2F66B2007CEBA4 /* Info.plist */ = {isa = PBXFileReference; lastKnownFileType = text.plist.xml; path = Info.plist; sourceTree = "<group>"; };
/* End PBXFileReference section */

/* Begin PBXFrameworksBuildPhase section */
		1D8F92761F2F66B2007CEBA4 /* Frameworks */ = {
			isa = PBXFrameworksBuildPhase;
			buildActionMask = 2147483647;
			files = (
			);
			runOnlyForDeploymentPostprocessing = 0;
		};
/* End PBXFrameworksBuildPhase section */

/* Begin PBXGroup section */
		1D8F92701F2F66B2007CEBA4 = {
			isa = PBXGroup;
			children = (
				1D8F927B1F2F66B2007CEBA4 /* AR2DDemo */,
				1D8F927A1F2F66B2007CEBA4 /* Products */,
			);
			sourceTree = "<group>";
		};
		1D8F927A1F2F66B2007CEBA4 /* Products */ = {
			isa = PBXGroup;
			children = (
				1D8F92791F2F66B2007CEBA4 /* AR2DDemo.app */,
			);
			name = Products;
			sourceTree = "<group>";
		};
		1D8F927B1F2F66B2007CEBA4 /* AR2DDemo */ = {
			isa = PBXGroup;
			children = (
				1D8F927C1F2F66B2007CEBA4 /* AppDelegate.swift */,
				1D8F927E1F2F66B2007CEBA4 /* Scene.sks */,
				1D8F92801F2F66B2007CEBA4 /* Scene.swift */,
				1D8F92821F2F66B2007CEBA4 /* ViewController.swift */,
				1D8F92841F2F66B2007CEBA4 /* Main.storyboard */,
				1D8F92871F2F66B2007CEBA4 /* Assets.xcassets */,
				1D8F92891F2F66B2007CEBA4 /* LaunchScreen.storyboard */,
				1D8F928C1F2F66B2007CEBA4 /* Info.plist */,
			);
			path = AR2DDemo;
			sourceTree = "<group>";
		};
/* End PBXGroup section */

/* Begin PBXNativeTarget section */
		1D8F92781F2F66B2007CEBA4 /* AR2DDemo */ = {
			isa = PBXNativeTarget;
			buildConfigurationList = 1D8F928F1F2F66B2007CEBA4 /* Build configuration list for PBXNativeTarget "AR2DDemo" */;
			buildPhases = (
				1D8F92751F2F66B2007CEBA4 /* Sources */,
				1D8F92761F2F66B2007CEBA4 /* Frameworks */,
				1D8F92771F2F66B2007CEBA4 /* Resources */,
			);
			buildRules = (
			);
			dependencies = (
			);
			name = AR2DDemo;
			productName = AR2DDemo;
			productReference = 1D8F92791F2F66B2007CEBA4 /* AR2DDemo.app */;
			productType = "com.apple.product-type.application";
		};
/* End PBXNativeTarget section */

/* Begin PBXProject section */
		1D8F92711F2F66B2007CEBA4 /* Project object */ = {
			isa = PBXProject;
			attributes = {
				LastSwiftUpdateCheck = 0900;
				LastUpgradeCheck = 0900;
				ORGANIZATIONNAME = sidetang;
				TargetAttributes = {
					1D8F92781F2F66B2007CEBA4 = {
						CreatedOnToolsVersion = 9.0;
					};
				};
			};
			buildConfigurationList = 1D8F92741F2F66B2007CEBA4 /* Build configuration list for PBXProject "AR2DDemo" */;
			compatibilityVersion = "Xcode 8.0";
			developmentRegion = en;
			hasScannedForEncodings = 0;
			knownRegions = (
				en,
				Base,
			);
			mainGroup = 1D8F92701F2F66B2007CEBA4;
			productRefGroup = 1D8F927A1F2F66B2007CEBA4 /* Products */;
			projectDirPath = "";
			projectRoot = "";
			targets = (
				1D8F92781F2F66B2007CEBA4 /* AR2DDemo */,
			);
		};
/* End PBXProject section */

/* Begin PBXResourcesBuildPhase section */
		1D8F92771F2F66B2007CEBA4 /* Resources */ = {
			isa = PBXResourcesBuildPhase;
			buildActionMask = 2147483647;
			files = (
				1D8F927F1F2F66B2007CEBA4 /* Scene.sks in Resources */,
				1D8F928B1F2F66B2007CEBA4 /* LaunchScreen.storyboard in Resources */,
				1D8F92881F2F66B2007CEBA4 /* Assets.xcassets in Resources */,
				1D8F92861F2F66B2007CEBA4 /* Main.storyboard in Resources */,
			);
			runOnlyForDeploymentPostprocessing = 0;
		};
/* End PBXResourcesBuildPhase section */

/* Begin PBXSourcesBuildPhase section */
		1D8F92751F2F66B2007CEBA4 /* Sources */ = {
			isa = PBXSourcesBuildPhase;
			buildActionMask = 2147483647;
			files = (
				1D8F92831F2F66B2007CEBA4 /* ViewController.swift in Sources */,
				1D8F92811F2F66B2007CEBA4 /* Scene.swift in Sources */,
				1D8F927D1F2F66B2007CEBA4 /* AppDelegate.swift in Sources */,
			);
			runOnlyForDeploymentPostprocessing = 0;
		};
/* End PBXSourcesBuildPhase section */

/* Begin PBXVariantGroup section */
		1D8F92841F2F66B2007CEBA4 /* Main.storyboard */ = {
			isa = PBXVariantGroup;
			children = (
				1D8F92851F2F66B2007CEBA4 /* Base */,
			);
			name = Main.storyboard;
			sourceTree = "<group>";
		};
		1D8F92891F2F66B2007CEBA4 /* LaunchScreen.storyboard */ = {
			isa = PBXVariantGroup;
			children = (
				1D8F928A1F2F66B2007CEBA4 /* Base */,
			);
			name = LaunchScreen.storyboard;
			sourceTree = "<group>";
		};
/* End PBXVariantGroup section */

/* Begin XCBuildConfiguration section */
		1D8F928D1F2F66B2007CEBA4 /* Debug */ = {
			isa = XCBuildConfiguration;
			buildSettings = {
				ALWAYS_SEARCH_USER_PATHS = NO;
				CLANG_ANALYZER_NONNULL = YES;
				CLANG_ANALYZER_NUMBER_OBJECT_CONVERSION = YES_AGGRESSIVE;
				CLANG_CXX_LANGUAGE_STANDARD = "gnu++14";
				CLANG_CXX_LIBRARY = "libc++";
				CLANG_ENABLE_MODULES = YES;
				CLANG_ENABLE_OBJC_ARC = YES;
				CLANG_WARN_BLOCK_CAPTURE_AUTORELEASING = YES;
				CLANG_WARN_BOOL_CONVERSION = YES;
				CLANG_WARN_COMMA = YES;
				CLANG_WARN_CONSTANT_CONVERSION = YES;
				CLANG_WARN_DIRECT_OBJC_ISA_USAGE = YES_ERROR;
				CLANG_WARN_DOCUMENTATION_COMMENTS = YES;
				CLANG_WARN_EMPTY_BODY = YES;
				CLANG_WARN_ENUM_CONVERSION = YES;
				CLANG_WARN_INFINITE_RECURSION = YES;
				CLANG_WARN_INT_CONVERSION = YES;
				CLANG_WARN_NON_LITERAL_NULL_CONVERSION = YES;
				CLANG_WARN_OBJC_LITERAL_CONVERSION = YES;
				CLANG_WARN_OBJC_ROOT_CLASS = YES_ERROR;
				CLANG_WARN_RANGE_LOOP_ANALYSIS = YES;
				CLANG_WARN_STRICT_PROTOTYPES = YES;
				CLANG_WARN_SUSPICIOUS_MOVE = YES;
				CLANG_WARN_UNGUARDED_AVAILABILITY = YES_AGGRESSIVE;
				CLANG_WARN_UNREACHABLE_CODE = YES;
				CLANG_WARN__DUPLICATE_METHOD_MATCH = YES;
				CODE_SIGN_IDENTITY = "iPhone Developer";
				COPY_PHASE_STRIP = NO;
				DEBUG_INFORMATION_FORMAT = dwarf;
				ENABLE_STRICT_OBJC_MSGSEND = YES;
				ENABLE_TESTABILITY = YES;
				GCC_C_LANGUAGE_STANDARD = gnu11;
				GCC_DYNAMIC_NO_PIC = NO;
				GCC_NO_COMMON_BLOCKS = YES;
				GCC_OPTIMIZATION_LEVEL = 0;
				GCC_PREPROCESSOR_DEFINITIONS = (
					"DEBUG=1",
					"$(inherited)",
				);
				GCC_WARN_64_TO_32_BIT_CONVERSION = YES;
				GCC_WARN_ABOUT_RETURN_TYPE = YES_ERROR;
				GCC_WARN_UNDECLARED_SELECTOR = YES;
				GCC_WARN_UNINITIALIZED_AUTOS = YES_AGGRESSIVE;
				GCC_WARN_UNUSED_FUNCTION = YES;
				GCC_WARN_UNUSED_VARIABLE = YES;
				IPHONEOS_DEPLOYMENT_TARGET = 11.0;
				MTL_ENABLE_DEBUG_INFO = YES;
				ONLY_ACTIVE_ARCH = YES;
				SDKROOT = iphoneos;
				SWIFT_ACTIVE_COMPILATION_CONDITIONS = DEBUG;
				SWIFT_OPTIMIZATION_LEVEL = "-Onone";
			};
			name = Debug;
		};
		1D8F928E1F2F66B2007CEBA4 /* Release */ = {
			isa = XCBuildConfiguration;
			buildSettings = {
				ALWAYS_SEARCH_USER_PATHS = NO;
				CLANG_ANALYZER_NONNULL = YES;
				CLANG_ANALYZER_NUMBER_OBJECT_CONVERSION = YES_AGGRESSIVE;
				CLANG_CXX_LANGUAGE_STANDARD = "gnu++14";
				CLANG_CXX_LIBRARY = "libc++";
				CLANG_ENABLE_MODULES = YES;
				CLANG_ENABLE_OBJC_ARC = YES;
				CLANG_WARN_BLOCK_CAPTURE_AUTORELEASING = YES;
				CLANG_WARN_BOOL_CONVERSION = YES;
				CLANG_WARN_COMMA = YES;
				CLANG_WARN_CONSTANT_CONVERSION = YES;
				CLANG_WARN_DIRECT_OBJC_ISA_USAGE = YES_ERROR;
				CLANG_WARN_DOCUMENTATION_COMMENTS = YES;
				CLANG_WARN_EMPTY_BODY = YES;
				CLANG_WARN_ENUM_CONVERSION = YES;
				CLANG_WARN_INFINITE_RECURSION = YES;
				CLANG_WARN_INT_CONVERSION = YES;
				CLANG_WARN_NON_LITERAL_NULL_CONVERSION = YES;
				CLANG_WARN_OBJC_LITERAL_CONVERSION = YES;
				CLANG_WARN_OBJC_ROOT_CLASS = YES_ERROR;
				CLANG_WARN_RANGE_LOOP_ANALYSIS = YES;
				CLANG_WARN_STRICT_PROTOTYPES = YES;
				CLANG_WARN_SUSPICIOUS_MOVE = YES;
				CLANG_WARN_UNGUARDED_AVAILABILITY = YES_AGGRESSIVE;
				CLANG_WARN_UNREACHABLE_CODE = YES;
				CLANG_WARN__DUPLICATE_METHOD_MATCH = YES;
				CODE_SIGN_IDENTITY = "iPhone Developer";
				COPY_PHASE_STRIP = NO;
				DEBUG_INFORMATION_FORMAT = "dwarf-with-dsym";
				ENABLE_NS_ASSERTIONS = NO;
				ENABLE_STRICT_OBJC_MSGSEND = YES;
				GCC_C_LANGUAGE_STANDARD = gnu11;
				GCC_NO_COMMON_BLOCKS = YES;
				GCC_WARN_64_TO_32_BIT_CONVERSION = YES;
				GCC_WARN_ABOUT_RETURN_TYPE = YES_ERROR;
				GCC_WARN_UNDECLARED_SELECTOR = YES;
				GCC_WARN_UNINITIALIZED_AUTOS = YES_AGGRESSIVE;
				GCC_WARN_UNUSED_FUNCTION = YES;
				GCC_WARN_UNUSED_VARIABLE = YES;
				IPHONEOS_DEPLOYMENT_TARGET = 11.0;
				MTL_ENABLE_DEBUG_INFO = NO;
				SDKROOT = iphoneos;
				SWIFT_OPTIMIZATION_LEVEL = "-Owholemodule";
				VALIDATE_PRODUCT = YES;
			};
			name = Release;
		};
		1D8F92901F2F66B2007CEBA4 /* Debug */ = {
			isa = XCBuildConfiguration;
			buildSettings = {
				ASSETCATALOG_COMPILER_APPICON_NAME = AppIcon;
				DEVELOPMENT_TEAM = 23APQPWD85;
				INFOPLIST_FILE = AR2DDemo/Info.plist;
				LD_RUNPATH_SEARCH_PATHS = "$(inherited) @executable_path/Frameworks";
				PRODUCT_BUNDLE_IDENTIFIER = sidetlw.AR2DDemo;
				PRODUCT_NAME = "$(TARGET_NAME)";
				SWIFT_VERSION = 4.0;
				TARGETED_DEVICE_FAMILY = "1,2";
			};
			name = Debug;
		};
		1D8F92911F2F66B2007CEBA4 /* Release */ = {
			isa = XCBuildConfiguration;
			buildSettings = {
				ASSETCATALOG_COMPILER_APPICON_NAME = AppIcon;
				DEVELOPMENT_TEAM = 23APQPWD85;
				INFOPLIST_FILE = AR2DDemo/Info.plist;
				LD_RUNPATH_SEARCH_PATHS = "$(inherited) @executable_path/Frameworks";
				PRODUCT_BUNDLE_IDENTIFIER = sidetlw.AR2DDemo;
				PRODUCT_NAME = "$(TARGET_NAME)";
				SWIFT_VERSION = 4.0;
				TARGETED_DEVICE_FAMILY = "1,2";
			};
			name = Release;
		};
/* End XCBuildConfiguration section */

/* Begin XCConfigurationList section */
		1D8F92741F2F66B2007CEBA4 /* Build configuration list for PBXProject "AR2DDemo" */ = {
			isa = XCConfigurationList;
			buildConfigurations = (
				1D8F928D1F2F66B2007CEBA4 /* Debug */,
				1D8F928E1F2F66B2007CEBA4 /* Release */,
			);
			defaultConfigurationIsVisible = 0;
			defaultConfigurationName = Release;
		};
		1D8F928F1F2F66B2007CEBA4 /* Build configuration list for PBXNativeTarget "AR2DDemo" */ = {
			isa = XCConfigurationList;
			buildConfigurations = (
				1D8F92901F2F66B2007CEBA4 /* Debug */,
				1D8F92911F2F66B2007CEBA4 /* Release */,
			);
			defaultConfigurationIsVisible = 0;
			defaultConfigurationName = Release;
		};
/* End XCConfigurationList section */
	};
	rootObject = 1D8F92711F2F66B2007CEBA4 /* Project object */;
}
